
Microsoft Visual Studio Solution File, Format Version 12.00
# Visual Studio 15
VisualStudioVersion = 15.0.26730.12
MinimumVisualStudioVersion = 10.0.40219.1
Project("{FAE04EC0-301F-11D3-BF4B-00C04F79EFBC}") = "AlloySample", "sample\AlloySample\AlloySample.csproj", "{B7D6C33B-3E85-4E46-8345-55B12AEA1BEA}"
	ProjectSection(ProjectDependencies) = postProject
		{2EDAE29A-D622-4B01-8853-D26F4D1C0FD8} = {2EDAE29A-D622-4B01-8853-D26F4D1C0FD8}
	EndProjectSection
EndProject
Project("{FAE04EC0-301F-11D3-BF4B-00C04F79EFBC}") = "ImageProcessor.Web.Episerver", "src\ImageProcessor.Web.Episerver\ImageProcessor.Web.Episerver.csproj", "{2EDAE29A-D622-4B01-8853-D26F4D1C0FD8}"
EndProject
Global
	GlobalSection(SolutionConfigurationPlatforms) = preSolution
		Debug|Any CPU = Debug|Any CPU
		Release|Any CPU = Release|Any CPU
	EndGlobalSection
	GlobalSection(ProjectConfigurationPlatforms) = postSolution
		{B7D6C33B-3E85-4E46-8345-55B12AEA1BEA}.Debug|Any CPU.ActiveCfg = Debug|Any CPU
		{B7D6C33B-3E85-4E46-8345-55B12AEA1BEA}.Debug|Any CPU.Build.0 = Debug|Any CPU
		{B7D6C33B-3E85-4E46-8345-55B12AEA1BEA}.Release|Any CPU.ActiveCfg = Release|Any CPU
		{B7D6C33B-3E85-4E46-8345-55B12AEA1BEA}.Release|Any CPU.Build.0 = Release|Any CPU
		{2EDAE29A-D622-4B01-8853-D26F4D1C0FD8}.Debug|Any CPU.ActiveCfg = Debug|Any CPU
		{2EDAE29A-D622-4B01-8853-D26F4D1C0FD8}.Debug|Any CPU.Build.0 = Debug|Any CPU
		{2EDAE29A-D622-4B01-8853-D26F4D1C0FD8}.Release|Any CPU.ActiveCfg = Release|Any CPU
		{2EDAE29A-D622-4B01-8853-D26F4D1C0FD8}.Release|Any CPU.Build.0 = Release|Any CPU
	EndGlobalSection
	GlobalSection(SolutionProperties) = preSolution
		HideSolutionNode = FALSE
	EndGlobalSection
	GlobalSection(ExtensibilityGlobals) = postSolution
		SolutionGuid = {E3289EDC-30FC-441A-AD01-FF9B67AEDDE4}
	EndGlobalSection
EndGlobal
